
Microsoft Visual Studio Solution File, Format Version 12.00
Project("{FAE04EC0-301F-11D3-BF4B-00C04F79EFBC}") = "Glance.Aadhaar", "Glance.Aadhaar\Glance.Aadhaar.csproj", "{111B8AAB-E600-4AE1-88CB-F9F3704B4B47}"
EndProject
Project("{FAE04EC0-301F-11D3-BF4B-00C04F79EFBC}") = "Glance.Aadhaar.Sample", "Glance.Aadhaar.Sample\Glance.Aadhaar.Sample.csproj", "{59464446-8997-40F6-AF8D-9318391C13A1}"
EndProject
Global
	GlobalSection(SolutionConfigurationPlatforms) = preSolution
		Debug|Any CPU = Debug|Any CPU
		Release|Any CPU = Release|Any CPU
	EndGlobalSection
	GlobalSection(ProjectConfigurationPlatforms) = postSolution
		{111B8AAB-E600-4AE1-88CB-F9F3704B4B47}.Debug|Any CPU.ActiveCfg = Debug|Any CPU
		{111B8AAB-E600-4AE1-88CB-F9F3704B4B47}.Debug|Any CPU.Build.0 = Debug|Any CPU
		{111B8AAB-E600-4AE1-88CB-F9F3704B4B47}.Release|Any CPU.ActiveCfg = Release|Any CPU
		{111B8AAB-E600-4AE1-88CB-F9F3704B4B47}.Release|Any CPU.Build.0 = Release|Any CPU
		{59464446-8997-40F6-AF8D-9318391C13A1}.Debug|Any CPU.ActiveCfg = Debug|Any CPU
		{59464446-8997-40F6-AF8D-9318391C13A1}.Debug|Any CPU.Build.0 = Debug|Any CPU
		{59464446-8997-40F6-AF8D-9318391C13A1}.Release|Any CPU.ActiveCfg = Release|Any CPU
		{59464446-8997-40F6-AF8D-9318391C13A1}.Release|Any CPU.Build.0 = Release|Any CPU
	EndGlobalSection
EndGlobal
