
Microsoft Visual Studio Solution File, Format Version 12.00
# Visual Studio Version 17
VisualStudioVersion = 17.0.31903.59
MinimumVisualStudioVersion = 10.0.40219.1
Project("{FAE04EC0-301F-11D3-BF4B-00C04F79EFBC}") = "GlanceAadhaar", "src\GlanceAadhaar.csproj", "{CF625883-F565-4BAA-837C-CD16E3B6E2FE}"
EndProject
Project("{FAE04EC0-301F-11D3-BF4B-00C04F79EFBC}") = "GlanceAadhaar.Sample", "samples\GlanceAadhaar.Sample\GlanceAadhaar.Sample.csproj", "{64C8A710-B1E7-4A26-87B4-486D2FED08F1}"
EndProject
Project("{FAE04EC0-301F-11D3-BF4B-00C04F79EFBC}") = "GlanceAadhaar.Tests", "tests\GlanceAadhaar.Tests\GlanceAadhaar.Tests.csproj", "{B866FBEA-1149-403F-AD85-09428DF8ED5E}"
EndProject
Global
	GlobalSection(SolutionConfigurationPlatforms) = preSolution
		Debug|Any CPU = Debug|Any CPU
		Release|Any CPU = Release|Any CPU
	EndGlobalSection
	GlobalSection(SolutionProperties) = preSolution
		HideSolutionNode = FALSE
	EndGlobalSection
	GlobalSection(ProjectConfigurationPlatforms) = postSolution
		{CF625883-F565-4BAA-837C-CD16E3B6E2FE}.Debug|Any CPU.ActiveCfg = Debug|Any CPU
		{CF625883-F565-4BAA-837C-CD16E3B6E2FE}.Debug|Any CPU.Build.0 = Debug|Any CPU
		{CF625883-F565-4BAA-837C-CD16E3B6E2FE}.Release|Any CPU.ActiveCfg = Release|Any CPU
		{CF625883-F565-4BAA-837C-CD16E3B6E2FE}.Release|Any CPU.Build.0 = Release|Any CPU
		{64C8A710-B1E7-4A26-87B4-486D2FED08F1}.Debug|Any CPU.ActiveCfg = Debug|Any CPU
		{64C8A710-B1E7-4A26-87B4-486D2FED08F1}.Debug|Any CPU.Build.0 = Debug|Any CPU
		{64C8A710-B1E7-4A26-87B4-486D2FED08F1}.Release|Any CPU.ActiveCfg = Release|Any CPU
		{64C8A710-B1E7-4A26-87B4-486D2FED08F1}.Release|Any CPU.Build.0 = Release|Any CPU
		{B866FBEA-1149-403F-AD85-09428DF8ED5E}.Debug|Any CPU.ActiveCfg = Debug|Any CPU
		{B866FBEA-1149-403F-AD85-09428DF8ED5E}.Debug|Any CPU.Build.0 = Debug|Any CPU
		{B866FBEA-1149-403F-AD85-09428DF8ED5E}.Release|Any CPU.ActiveCfg = Release|Any CPU
		{B866FBEA-1149-403F-AD85-09428DF8ED5E}.Release|Any CPU.Build.0 = Release|Any CPU
	EndGlobalSection
EndGlobal
